Microsoft Visual Studio Solution File, Format Version 12.00
# Visual Studio 14
VisualStudioVersion = 14.0.25420.1
MinimumVisualStudioVersion = 10.0.40219.1
Project("{8BC9CEB8-8B4A-11D0-8D11-00A0C91BC942}") = "flowerpot", "flowerpot.vcxproj", "{24A9EB77-10A9-4DBB-BEB7-0DCF3768D284}"
EndProject
Global
	GlobalSection(SolutionConfigurationPlatforms) = preSolution
		Debug Dll|Win32 = Debug Dll|Win32
		Release Dll|Win32 = Release Dll|Win32
	EndGlobalSection
	GlobalSection(ProjectConfigurationPlatforms) = postSolution
		{24A9EB77-10A9-4DBB-BEB7-0DCF3768D284}.Debug Dll|Win32.ActiveCfg = Debug Dll|Win32
		{24A9EB77-10A9-4DBB-BEB7-0DCF3768D284}.Debug Dll|Win32.Build.0 = Debug Dll|Win32
		{24A9EB77-10A9-4DBB-BEB7-0DCF3768D284}.Release Dll|Win32.ActiveCfg = Release Dll|Win32
		{24A9EB77-10A9-4DBB-BEB7-0DCF3768D284}.Release Dll|Win32.Build.0 = Release Dll|Win32
	EndGlobalSection
	GlobalSection(SolutionProperties) = preSolution
		HideSolutionNode = FALSE
	EndGlobalSection
EndGlobal
